
Microsoft Visual Studio Solution File, Format Version 12.00
# Visual Studio Version 17
VisualStudioVersion = 17.0.32126.317
MinimumVisualStudioVersion = 10.0.40219.1
Project("{FAE04EC0-301F-11D3-BF4B-00C04F79EFBC}") = "POS-CoffeeApp", "POS-CoffeeApp.csproj", "{F88719D7-1E6A-4AAB-BCFF-E07193017316}"
EndProject
Global
	GlobalSection(SolutionConfigurationPlatforms) = preSolution
		Debug|Any CPU = Debug|Any CPU
		Release|Any CPU = Release|Any CPU
	EndGlobalSection
	GlobalSection(ProjectConfigurationPlatforms) = postSolution
		{F88719D7-1E6A-4AAB-BCFF-E07193017316}.Debug|Any CPU.ActiveCfg = Debug|Any CPU
		{F88719D7-1E6A-4AAB-BCFF-E07193017316}.Debug|Any CPU.Build.0 = Debug|Any CPU
		{F88719D7-1E6A-4AAB-BCFF-E07193017316}.Release|Any CPU.ActiveCfg = Release|Any CPU
		{F88719D7-1E6A-4AAB-BCFF-E07193017316}.Release|Any CPU.Build.0 = Release|Any CPU
	EndGlobalSection
	GlobalSection(SolutionProperties) = preSolution
		HideSolutionNode = FALSE
	EndGlobalSection
	GlobalSection(ExtensibilityGlobals) = postSolution
		SolutionGuid = {BC22FC24-2992-4E54-BF11-F48EEF88005B}
	EndGlobalSection
EndGlobal
