
Microsoft Visual Studio Solution File, Format Version 12.00
# Visual Studio Version 17
VisualStudioVersion = 17.0.32126.317
MinimumVisualStudioVersion = 10.0.40219.1
Project("{FAE04EC0-301F-11D3-BF4B-00C04F79EFBC}") = "CoffeePos", "CoffeePos\CoffeePos.csproj", "{8083CD5D-80B9-453A-9167-DE8763DEF4AA}"
EndProject
Global
	GlobalSection(SolutionConfigurationPlatforms) = preSolution
		Debug|Any CPU = Debug|Any CPU
		Release|Any CPU = Release|Any CPU
	EndGlobalSection
	GlobalSection(ProjectConfigurationPlatforms) = postSolution
		{8083CD5D-80B9-453A-9167-DE8763DEF4AA}.Debug|Any CPU.ActiveCfg = Debug|Any CPU
		{8083CD5D-80B9-453A-9167-DE8763DEF4AA}.Debug|Any CPU.Build.0 = Debug|Any CPU
		{8083CD5D-80B9-453A-9167-DE8763DEF4AA}.Release|Any CPU.ActiveCfg = Release|Any CPU
		{8083CD5D-80B9-453A-9167-DE8763DEF4AA}.Release|Any CPU.Build.0 = Release|Any CPU
	EndGlobalSection
	GlobalSection(SolutionProperties) = preSolution
		HideSolutionNode = FALSE
	EndGlobalSection
	GlobalSection(ExtensibilityGlobals) = postSolution
		SolutionGuid = {34850A5E-9DD5-467F-ABCB-12883471A39A}
	EndGlobalSection
EndGlobal
